
Microsoft Visual Studio Solution File, Format Version 12.00
# Visual Studio 15
VisualStudioVersion = 15.0.28010.2016
MinimumVisualStudioVersion = 10.0.40219.1
Project("{FAE04EC0-301F-11D3-BF4B-00C04F79EFBC}") = "Blog", "Blog\Blog.csproj", "{0EF28380-C69B-4215-A29D-D8A34FEDA804}"
EndProject
Global
	GlobalSection(SolutionConfigurationPlatforms) = preSolution
		Debug|Any CPU = Debug|Any CPU
		Release|Any CPU = Release|Any CPU
	EndGlobalSection
	GlobalSection(ProjectConfigurationPlatforms) = postSolution
		{0EF28380-C69B-4215-A29D-D8A34FEDA804}.Debug|Any CPU.ActiveCfg = Debug|Any CPU
		{0EF28380-C69B-4215-A29D-D8A34FEDA804}.Debug|Any CPU.Build.0 = Debug|Any CPU
		{0EF28380-C69B-4215-A29D-D8A34FEDA804}.Release|Any CPU.ActiveCfg = Release|Any CPU
		{0EF28380-C69B-4215-A29D-D8A34FEDA804}.Release|Any CPU.Build.0 = Release|Any CPU
	EndGlobalSection
	GlobalSection(SolutionProperties) = preSolution
		HideSolutionNode = FALSE
	EndGlobalSection
	GlobalSection(ExtensibilityGlobals) = postSolution
		SolutionGuid = {891F18E8-917F-4835-B7D3-D14D8F2BAD53}
	EndGlobalSection
EndGlobal
